
Microsoft Visual Studio Solution File, Format Version 12.00
# Visual Studio Version 17
VisualStudioVersion = 17.8.34330.188
MinimumVisualStudioVersion = 10.0.40219.1
Project("{9A19103F-16F7-4668-BE54-9A1E7A4F7556}") = "Tatesoft.WebAPI", "Tatesoft.WebAPI\Tatesoft.WebAPI.csproj", "{DA750BA6-DD6F-4799-B3F0-5D44202C6EA0}"
EndProject
Project("{9A19103F-16F7-4668-BE54-9A1E7A4F7556}") = "Tatesoft.Test", "Tatesoft.Test\Tatesoft.Test.csproj", "{6634A82C-04F5-45D3-AA18-AD9F5B9EEB60}"
EndProject
Global
	GlobalSection(SolutionConfigurationPlatforms) = preSolution
		Debug|Any CPU = Debug|Any CPU
		Release|Any CPU = Release|Any CPU
	EndGlobalSection
	GlobalSection(ProjectConfigurationPlatforms) = postSolution
		{DA750BA6-DD6F-4799-B3F0-5D44202C6EA0}.Debug|Any CPU.ActiveCfg = Debug|Any CPU
		{DA750BA6-DD6F-4799-B3F0-5D44202C6EA0}.Debug|Any CPU.Build.0 = Debug|Any CPU
		{DA750BA6-DD6F-4799-B3F0-5D44202C6EA0}.Release|Any CPU.ActiveCfg = Release|Any CPU
		{DA750BA6-DD6F-4799-B3F0-5D44202C6EA0}.Release|Any CPU.Build.0 = Release|Any CPU
		{6634A82C-04F5-45D3-AA18-AD9F5B9EEB60}.Debug|Any CPU.ActiveCfg = Debug|Any CPU
		{6634A82C-04F5-45D3-AA18-AD9F5B9EEB60}.Debug|Any CPU.Build.0 = Debug|Any CPU
		{6634A82C-04F5-45D3-AA18-AD9F5B9EEB60}.Release|Any CPU.ActiveCfg = Release|Any CPU
		{6634A82C-04F5-45D3-AA18-AD9F5B9EEB60}.Release|Any CPU.Build.0 = Release|Any CPU
	EndGlobalSection
	GlobalSection(SolutionProperties) = preSolution
		HideSolutionNode = FALSE
	EndGlobalSection
	GlobalSection(ExtensibilityGlobals) = postSolution
		SolutionGuid = {84AD5B8C-960B-4D17-941A-3496EEACE194}
	EndGlobalSection
EndGlobal
